
Microsoft Visual Studio Solution File, Format Version 12.00
# Visual Studio Version 17
VisualStudioVersion = 17.7.34221.43
MinimumVisualStudioVersion = 10.0.40219.1
Project("{FAE04EC0-301F-11D3-BF4B-00C04F79EFBC}") = "GA_SelectionSort_MeiliZheng", "GA_SelectionSort_MeiliZheng.csproj", "{C95A47A0-BB4B-4DC6-B1A8-9BF4B348379D}"
EndProject
Global
	GlobalSection(SolutionConfigurationPlatforms) = preSolution
		Debug|Any CPU = Debug|Any CPU
		Release|Any CPU = Release|Any CPU
	EndGlobalSection
	GlobalSection(ProjectConfigurationPlatforms) = postSolution
		{C95A47A0-BB4B-4DC6-B1A8-9BF4B348379D}.Debug|Any CPU.ActiveCfg = Debug|Any CPU
		{C95A47A0-BB4B-4DC6-B1A8-9BF4B348379D}.Debug|Any CPU.Build.0 = Debug|Any CPU
		{C95A47A0-BB4B-4DC6-B1A8-9BF4B348379D}.Release|Any CPU.ActiveCfg = Release|Any CPU
		{C95A47A0-BB4B-4DC6-B1A8-9BF4B348379D}.Release|Any CPU.Build.0 = Release|Any CPU
	EndGlobalSection
	GlobalSection(SolutionProperties) = preSolution
		HideSolutionNode = FALSE
	EndGlobalSection
	GlobalSection(ExtensibilityGlobals) = postSolution
		SolutionGuid = {708EF5EF-1E93-4078-A858-82D0A9916641}
	EndGlobalSection
EndGlobal
